// !$*UTF8*$!
{
	archiveVersion = 1;
	classes = {
	};
	objectVersion = 46;
	objects = {

/* Begin PBXBuildFile section */
		185D59B01DE7DB16002D285C /* AppDelegate.swift in Sources */ = {isa = PBXBuildFile; fileRef = 185D59AF1DE7DB16002D285C /* AppDelegate.swift */; };
		185D59B21DE7DB16002D285C /* ViewController.swift in Sources */ = {isa = PBXBuildFile; fileRef = 185D59B11DE7DB16002D285C /* ViewController.swift */; };
		185D59B51DE7DB16002D285C /* Main.storyboard in Resources */ = {isa = PBXBuildFile; fileRef = 185D59B31DE7DB16002D285C /* Main.storyboard */; };
		185D59B81DE7DB17002D285C /* GitXcode.xcdatamodeld in Sources */ = {isa = PBXBuildFile; fileRef = 185D59B61DE7DB16002D285C /* GitXcode.xcdatamodeld */; };
		185D59BA1DE7DB17002D285C /* Assets.xcassets in Resources */ = {isa = PBXBuildFile; fileRef = 185D59B91DE7DB17002D285C /* Assets.xcassets */; };
		185D59BD1DE7DB17002D285C /* LaunchScreen.storyboard in Resources */ = {isa = PBXBuildFile; fileRef = 185D59BB1DE7DB17002D285C /* LaunchScreen.storyboard */; };
		185D59C81DE7DB17002D285C /* GitXcodeTests.swift in Sources */ = {isa = PBXBuildFile; fileRef = 185D59C71DE7DB17002D285C /* GitXcodeTests.swift */; };
		185D59D31DE7DB17002D285C /* GitXcodeUITests.swift in Sources */ = {isa = PBXBuildFile; fileRef = 185D59D21DE7DB17002D285C /* GitXcodeUITests.swift */; };
/* End PBXBuildFile section */

/* Begin PBXContainerItemProxy section */
		185D59C41DE7DB17002D285C /* PBXContainerItemProxy */ = {
			isa = PBXContainerItemProxy;
			containerPortal = 185D59A41DE7DB16002D285C /* Project object */;
			proxyType = 1;
			remoteGlobalIDString = 185D59AB1DE7DB16002D285C;
			remoteInfo = GitXcode;
		};
		185D59CF1DE7DB17002D285C /* PBXContainerItemProxy */ = {
			isa = PBXContainerItemProxy;
			containerPortal = 185D59A41DE7DB16002D285C /* Project object */;
			proxyType = 1;
			remoteGlobalIDString = 185D59AB1DE7DB16002D285C;
			remoteInfo = GitXcode;
		};
/* End PBXContainerItemProxy section */

/* Begin PBXFileReference section */
		185D59AC1DE7DB16002D285C /* GitXcode.app */ = {isa = PBXFileReference; explicitFileType = wrapper.application; includeInIndex = 0; path = GitXcode.app; sourceTree = BUILT_PRODUCTS_DIR; };
		185D59AF1DE7DB16002D285C /* AppDelegate.swift */ = {isa = PBXFileReference; lastKnownFileType = sourcecode.swift; path = AppDelegate.swift; sourceTree = "<group>"; };
		185D59B11DE7DB16002D285C /* ViewController.swift */ = {isa = PBXFileReference; lastKnownFileType = sourcecode.swift; path = ViewController.swift; sourceTree = "<group>"; };
		185D59B41DE7DB16002D285C /* Base */ = {isa = PBXFileReference; lastKnownFileType = file.storyboard; name = Base; path = Base.lproj/Main.storyboard; sourceTree = "<group>"; };
		185D59B71DE7DB16002D285C /* GitXcode.xcdatamodel */ = {isa = PBXFileReference; lastKnownFileType = wrapper.xcdatamodel; path = GitXcode.xcdatamodel; sourceTree = "<group>"; };
		185D59B91DE7DB17002D285C /* Assets.xcassets */ = {isa = PBXFileReference; lastKnownFileType = folder.assetcatalog; path = Assets.xcassets; sourceTree = "<group>"; };
		185D59BC1DE7DB17002D285C /* Base */ = {isa = PBXFileReference; lastKnownFileType = file.storyboard; name = Base; path = Base.lproj/LaunchScreen.storyboard; sourceTree = "<group>"; };
		185D59BE1DE7DB17002D285C /* Info.plist */ = {isa = PBXFileReference; lastKnownFileType = text.plist.xml; path = Info.plist; sourceTree = "<group>"; };
		185D59C31DE7DB17002D285C /* GitXcodeTests.xctest */ = {isa = PBXFileReference; explicitFileType = wrapper.cfbundle; includeInIndex = 0; path = GitXcodeTests.xctest; sourceTree = BUILT_PRODUCTS_DIR; };
		185D59C71DE7DB17002D285C /* GitXcodeTests.swift */ = {isa = PBXFileReference; lastKnownFileType = sourcecode.swift; path = GitXcodeTests.swift; sourceTree = "<group>"; };
		185D59C91DE7DB17002D285C /* Info.plist */ = {isa = PBXFileReference; lastKnownFileType = text.plist.xml; path = Info.plist; sourceTree = "<group>"; };
		185D59CE1DE7DB17002D285C /* GitXcodeUITests.xctest */ = {isa = PBXFileReference; explicitFileType = wrapper.cfbundle; includeInIndex = 0; path = GitXcodeUITests.xctest; sourceTree = BUILT_PRODUCTS_DIR; };
		185D59D21DE7DB17002D285C /* GitXcodeUITests.swift */ = {isa = PBXFileReference; lastKnownFileType = sourcecode.swift; path = GitXcodeUITests.swift; sourceTree = "<group>"; };
		185D59D41DE7DB17002D285C /* Info.plist */ = {isa = PBXFileReference; lastKnownFileType = text.plist.xml; path = Info.plist; sourceTree = "<group>"; };
/* End PBXFileReference section */

/* Begin PBXFrameworksBuildPhase section */
		185D59A91DE7DB16002D285C /* Frameworks */ = {
			isa = PBXFrameworksBuildPhase;
			buildActionMask = 2147483647;
			files = (
			);
			runOnlyForDeploymentPostprocessing = 0;
		};
		185D59C01DE7DB17002D285C /* Frameworks */ = {
			isa = PBXFrameworksBuildPhase;
			buildActionMask = 2147483647;
			files = (
			);
			runOnlyForDeploymentPostprocessing = 0;
		};
		185D59CB1DE7DB17002D285C /* Frameworks */ = {
			isa = PBXFrameworksBuildPhase;
			buildActionMask = 2147483647;
			files = (
			);
			runOnlyForDeploymentPostprocessing = 0;
		};
/* End PBXFrameworksBuildPhase section */

/* Begin PBXGroup section */
		185D59A31DE7DB16002D285C = {
			isa = PBXGroup;
			children = (
				185D59AE1DE7DB16002D285C /* GitXcode */,
				185D59C61DE7DB17002D285C /* GitXcodeTests */,
				185D59D11DE7DB17002D285C /* GitXcodeUITests */,
				185D59AD1DE7DB16002D285C /* Products */,
			);
			sourceTree = "<group>";
		};
		185D59AD1DE7DB16002D285C /* Products */ = {
			isa = PBXGroup;
			children = (
				185D59AC1DE7DB16002D285C /* GitXcode.app */,
				185D59C31DE7DB17002D285C /* GitXcodeTests.xctest */,
				185D59CE1DE7DB17002D285C /* GitXcodeUITests.xctest */,
			);
			name = Products;
			sourceTree = "<group>";
		};
		185D59AE1DE7DB16002D285C /* GitXcode */ = {
			isa = PBXGroup;
			children = (
				185D59AF1DE7DB16002D285C /* AppDelegate.swift */,
				185D59B11DE7DB16002D285C /* ViewController.swift */,
				185D59B31DE7DB16002D285C /* Main.storyboard */,
				185D59B91DE7DB17002D285C /* Assets.xcassets */,
				185D59BB1DE7DB17002D285C /* LaunchScreen.storyboard */,
				185D59BE1DE7DB17002D285C /* Info.plist */,
				185D59B61DE7DB16002D285C /* GitXcode.xcdatamodeld */,
			);
			path = GitXcode;
			sourceTree = "<group>";
		};
		185D59C61DE7DB17002D285C /* GitXcodeTests */ = {
			isa = PBXGroup;
			children = (
				185D59C71DE7DB17002D285C /* GitXcodeTests.swift */,
				185D59C91DE7DB17002D285C /* Info.plist */,
			);
			path = GitXcodeTests;
			sourceTree = "<group>";
		};
		185D59D11DE7DB17002D285C /* GitXcodeUITests */ = {
			isa = PBXGroup;
			children = (
				185D59D21DE7DB17002D285C /* GitXcodeUITests.swift */,
				185D59D41DE7DB17002D285C /* Info.plist */,
			);
			path = GitXcodeUITests;
			sourceTree = "<group>";
		};
/* End PBXGroup section */

/* Begin PBXNativeTarget section */
		185D59AB1DE7DB16002D285C /* GitXcode */ = {
			isa = PBXNativeTarget;
			buildConfigurationList = 185D59D71DE7DB17002D285C /* Build configuration list for PBXNativeTarget "GitXcode" */;
			buildPhases = (
				185D59A81DE7DB16002D285C /* Sources */,
				185D59A91DE7DB16002D285C /* Frameworks */,
				185D59AA1DE7DB16002D285C /* Resources */,
			);
			buildRules = (
			);
			dependencies = (
			);
			name = GitXcode;
			productName = GitXcode;
			productReference = 185D59AC1DE7DB16002D285C /* GitXcode.app */;
			productType = "com.apple.product-type.application";
		};
		185D59C21DE7DB17002D285C /* GitXcodeTests */ = {
			isa = PBXNativeTarget;
			buildConfigurationList = 185D59DA1DE7DB17002D285C /* Build configuration list for PBXNativeTarget "GitXcodeTests" */;
			buildPhases = (
				185D59BF1DE7DB17002D285C /* Sources */,
				185D59C01DE7DB17002D285C /* Frameworks */,
				185D59C11DE7DB17002D285C /* Resources */,
			);
			buildRules = (
			);
			dependencies = (
				185D59C51DE7DB17002D285C /* PBXTargetDependency */,
			);
			name = GitXcodeTests;
			productName = GitXcodeTests;
			productReference = 185D59C31DE7DB17002D285C /* GitXcodeTests.xctest */;
			productType = "com.apple.product-type.bundle.unit-test";
		};
		185D59CD1DE7DB17002D285C /* GitXcodeUITests */ = {
			isa = PBXNativeTarget;
			buildConfigurationList = 185D59DD1DE7DB17002D285C /* Build configuration list for PBXNativeTarget "GitXcodeUITests" */;
			buildPhases = (
				185D59CA1DE7DB17002D285C /* Sources */,
				185D59CB1DE7DB17002D285C /* Frameworks */,
				185D59CC1DE7DB17002D285C /* Resources */,
			);
			buildRules = (
			);
			dependencies = (
				185D59D01DE7DB17002D285C /* PBXTargetDependency */,
			);
			name = GitXcodeUITests;
			productName = GitXcodeUITests;
			productReference = 185D59CE1DE7DB17002D285C /* GitXcodeUITests.xctest */;
			productType = "com.apple.product-type.bundle.ui-testing";
		};
/* End PBXNativeTarget section */

/* Begin PBXProject section */
		185D59A41DE7DB16002D285C /* Project object */ = {
			isa = PBXProject;
			attributes = {
				LastSwiftUpdateCheck = 0800;
				LastUpgradeCheck = 0800;
				ORGANIZATIONNAME = "Анатолий Цымбалов";
				TargetAttributes = {
					185D59AB1DE7DB16002D285C = {
						CreatedOnToolsVersion = 8.0;
						DevelopmentTeam = C5SA265327;
						ProvisioningStyle = Automatic;
					};
					185D59C21DE7DB17002D285C = {
						CreatedOnToolsVersion = 8.0;
						DevelopmentTeam = C5SA265327;
						ProvisioningStyle = Automatic;
						TestTargetID = 185D59AB1DE7DB16002D285C;
					};
					185D59CD1DE7DB17002D285C = {
						CreatedOnToolsVersion = 8.0;
						DevelopmentTeam = C5SA265327;
						ProvisioningStyle = Automatic;
						TestTargetID = 185D59AB1DE7DB16002D285C;
					};
				};
			};
			buildConfigurationList = 185D59A71DE7DB16002D285C /* Build configuration list for PBXProject "GitXcode" */;
			compatibilityVersion = "Xcode 3.2";
			developmentRegion = English;
			hasScannedForEncodings = 0;
			knownRegions = (
				en,
				Base,
			);
			mainGroup = 185D59A31DE7DB16002D285C;
			productRefGroup = 185D59AD1DE7DB16002D285C /* Products */;
			projectDirPath = "";
			projectRoot = "";
			targets = (
				185D59AB1DE7DB16002D285C /* GitXcode */,
				185D59C21DE7DB17002D285C /* GitXcodeTests */,
				185D59CD1DE7DB17002D285C /* GitXcodeUITests */,
			);
		};
/* End PBXProject section */

/* Begin PBXResourcesBuildPhase section */
		185D59AA1DE7DB16002D285C /* Resources */ = {
			isa = PBXResourcesBuildPhase;
			buildActionMask = 2147483647;
			files = (
				185D59BD1DE7DB17002D285C /* LaunchScreen.storyboard in Resources */,
				185D59BA1DE7DB17002D285C /* Assets.xcassets in Resources */,
				185D59B51DE7DB16002D285C /* Main.storyboard in Resources */,
			);
			runOnlyForDeploymentPostprocessing = 0;
		};
		185D59C11DE7DB17002D285C /* Resources */ = {
			isa = PBXResourcesBuildPhase;
			buildActionMask = 2147483647;
			files = (
			);
			runOnlyForDeploymentPostprocessing = 0;
		};
		185D59CC1DE7DB17002D285C /* Resources */ = {
			isa = PBXResourcesBuildPhase;
			buildActionMask = 2147483647;
			files = (
			);
			runOnlyForDeploymentPostprocessing = 0;
		};
/* End PBXResourcesBuildPhase section */

/* Begin PBXSourcesBuildPhase section */
		185D59A81DE7DB16002D285C /* Sources */ = {
			isa = PBXSourcesBuildPhase;
			buildActionMask = 2147483647;
			files = (
				185D59B21DE7DB16002D285C /* ViewController.swift in Sources */,
				185D59B01DE7DB16002D285C /* AppDelegate.swift in Sources */,
				185D59B81DE7DB17002D285C /* GitXcode.xcdatamodeld in Sources */,
			);
			runOnlyForDeploymentPostprocessing = 0;
		};
		185D59BF1DE7DB17002D285C /* Sources */ = {
			isa = PBXSourcesBuildPhase;
			buildActionMask = 2147483647;
			files = (
				185D59C81DE7DB17002D285C /* GitXcodeTests.swift in Sources */,
			);
			runOnlyForDeploymentPostprocessing = 0;
		};
		185D59CA1DE7DB17002D285C /* Sources */ = {
			isa = PBXSourcesBuildPhase;
			buildActionMask = 2147483647;
			files = (
				185D59D31DE7DB17002D285C /* GitXcodeUITests.swift in Sources */,
			);
			runOnlyForDeploymentPostprocessing = 0;
		};
/* End PBXSourcesBuildPhase section */

/* Begin PBXTargetDependency section */
		185D59C51DE7DB17002D285C /* PBXTargetDependency */ = {
			isa = PBXTargetDependency;
			target = 185D59AB1DE7DB16002D285C /* GitXcode */;
			targetProxy = 185D59C41DE7DB17002D285C /* PBXContainerItemProxy */;
		};
		185D59D01DE7DB17002D285C /* PBXTargetDependency */ = {
			isa = PBXTargetDependency;
			target = 185D59AB1DE7DB16002D285C /* GitXcode */;
			targetProxy = 185D59CF1DE7DB17002D285C /* PBXContainerItemProxy */;
		};
/* End PBXTargetDependency section */

/* Begin PBXVariantGroup section */
		185D59B31DE7DB16002D285C /* Main.storyboard */ = {
			isa = PBXVariantGroup;
			children = (
				185D59B41DE7DB16002D285C /* Base */,
			);
			name = Main.storyboard;
			sourceTree = "<group>";
		};
		185D59BB1DE7DB17002D285C /* LaunchScreen.storyboard */ = {
			isa = PBXVariantGroup;
			children = (
				185D59BC1DE7DB17002D285C /* Base */,
			);
			name = LaunchScreen.storyboard;
			sourceTree = "<group>";
		};
/* End PBXVariantGroup section */

/* Begin XCBuildConfiguration section */
		185D59D51DE7DB17002D285C /* Debug */ = {
			isa = XCBuildConfiguration;
			buildSettings = {
				ALWAYS_SEARCH_USER_PATHS = NO;
				CLANG_ANALYZER_NONNULL = YES;
				CLANG_CXX_LANGUAGE_STANDARD = "gnu++0x";
				CLANG_CXX_LIBRARY = "libc++";
				CLANG_ENABLE_MODULES = YES;
				CLANG_ENABLE_OBJC_ARC = YES;
				CLANG_WARN_BOOL_CONVERSION = YES;
				CLANG_WARN_CONSTANT_CONVERSION = YES;
				CLANG_WARN_DIRECT_OBJC_ISA_USAGE = YES_ERROR;
				CLANG_WARN_DOCUMENTATION_COMMENTS = YES;
				CLANG_WARN_EMPTY_BODY = YES;
				CLANG_WARN_ENUM_CONVERSION = YES;
				CLANG_WARN_INFINITE_RECURSION = YES;
				CLANG_WARN_INT_CONVERSION = YES;
				CLANG_WARN_OBJC_ROOT_CLASS = YES_ERROR;
				CLANG_WARN_SUSPICIOUS_MOVES = YES;
				CLANG_WARN_UNREACHABLE_CODE = YES;
				CLANG_WARN__DUPLICATE_METHOD_MATCH = YES;
				"CODE_SIGN_IDENTITY[sdk=iphoneos*]" = "iPhone Developer";
				COPY_PHASE_STRIP = NO;
				DEBUG_INFORMATION_FORMAT = dwarf;
				ENABLE_STRICT_OBJC_MSGSEND = YES;
				ENABLE_TESTABILITY = YES;
				GCC_C_LANGUAGE_STANDARD = gnu99;
				GCC_DYNAMIC_NO_PIC = NO;
				GCC_NO_COMMON_BLOCKS = YES;
				GCC_OPTIMIZATION_LEVEL = 0;
				GCC_PREPROCESSOR_DEFINITIONS = (
					"DEBUG=1",
					"$(inherited)",
				);
				GCC_WARN_64_TO_32_BIT_CONVERSION = YES;
				GCC_WARN_ABOUT_RETURN_TYPE = YES_ERROR;
				GCC_WARN_UNDECLARED_SELECTOR = YES;
				GCC_WARN_UNINITIALIZED_AUTOS = YES_AGGRESSIVE;
				GCC_WARN_UNUSED_FUNCTION = YES;
				GCC_WARN_UNUSED_VARIABLE = YES;
				IPHONEOS_DEPLOYMENT_TARGET = 10.0;
				MTL_ENABLE_DEBUG_INFO = YES;
				ONLY_ACTIVE_ARCH = YES;
				SDKROOT = iphoneos;
				SWIFT_ACTIVE_COMPILATION_CONDITIONS = DEBUG;
				SWIFT_OPTIMIZATION_LEVEL = "-Onone";
			};
			name = Debug;
		};
		185D59D61DE7DB17002D285C /* Release */ = {
			isa = XCBuildConfiguration;
			buildSettings = {
				ALWAYS_SEARCH_USER_PATHS = NO;
				CLANG_ANALYZER_NONNULL = YES;
				CLANG_CXX_LANGUAGE_STANDARD = "gnu++0x";
				CLANG_CXX_LIBRARY = "libc++";
				CLANG_ENABLE_MODULES = YES;
				CLANG_ENABLE_OBJC_ARC = YES;
				CLANG_WARN_BOOL_CONVERSION = YES;
				CLANG_WARN_CONSTANT_CONVERSION = YES;
				CLANG_WARN_DIRECT_OBJC_ISA_USAGE = YES_ERROR;
				CLANG_WARN_DOCUMENTATION_COMMENTS = YES;
				CLANG_WARN_EMPTY_BODY = YES;
				CLANG_WARN_ENUM_CONVERSION = YES;
				CLANG_WARN_INFINITE_RECURSION = YES;
				CLANG_WARN_INT_CONVERSION = YES;
				CLANG_WARN_OBJC_ROOT_CLASS = YES_ERROR;
				CLANG_WARN_SUSPICIOUS_MOVES = YES;
				CLANG_WARN_UNREACHABLE_CODE = YES;
				CLANG_WARN__DUPLICATE_METHOD_MATCH = YES;
				"CODE_SIGN_IDENTITY[sdk=iphoneos*]" = "iPhone Developer";
				COPY_PHASE_STRIP = NO;
				DEBUG_INFORMATION_FORMAT = "dwarf-with-dsym";
				ENABLE_NS_ASSERTIONS = NO;
				ENABLE_STRICT_OBJC_MSGSEND = YES;
				GCC_C_LANGUAGE_STANDARD = gnu99;
				GCC_NO_COMMON_BLOCKS = YES;
				GCC_WARN_64_TO_32_BIT_CONVERSION = YES;
				GCC_WARN_ABOUT_RETURN_TYPE = YES_ERROR;
				GCC_WARN_UNDECLARED_SELECTOR = YES;
				GCC_WARN_UNINITIALIZED_AUTOS = YES_AGGRESSIVE;
				GCC_WARN_UNUSED_FUNCTION = YES;
				GCC_WARN_UNUSED_VARIABLE = YES;
				IPHONEOS_DEPLOYMENT_TARGET = 10.0;
				MTL_ENABLE_DEBUG_INFO = NO;
				SDKROOT = iphoneos;
				SWIFT_OPTIMIZATION_LEVEL = "-Owholemodule";
				VALIDATE_PRODUCT = YES;
			};
			name = Release;
		};
		185D59D81DE7DB17002D285C /* Debug */ = {
			isa = XCBuildConfiguration;
			buildSettings = {
				ASSETCATALOG_COMPILER_APPICON_NAME = AppIcon;
				DEVELOPMENT_TEAM = C5SA265327;
				INFOPLIST_FILE = GitXcode/Info.plist;
				LD_RUNPATH_SEARCH_PATHS = "$(inherited) @executable_path/Frameworks";
				PRODUCT_BUNDLE_IDENTIFIER = N.GitXcode;
				PRODUCT_NAME = "$(TARGET_NAME)";
				SWIFT_VERSION = 3.0;
			};
			name = Debug;
		};
		185D59D91DE7DB17002D285C /* Release */ = {
			isa = XCBuildConfiguration;
			buildSettings = {
				ASSETCATALOG_COMPILER_APPICON_NAME = AppIcon;
				DEVELOPMENT_TEAM = C5SA265327;
				INFOPLIST_FILE = GitXcode/Info.plist;
				LD_RUNPATH_SEARCH_PATHS = "$(inherited) @executable_path/Frameworks";
				PRODUCT_BUNDLE_IDENTIFIER = N.GitXcode;
				PRODUCT_NAME = "$(TARGET_NAME)";
				SWIFT_VERSION = 3.0;
			};
			name = Release;
		};
		185D59DB1DE7DB17002D285C /* Debug */ = {
			isa = XCBuildConfiguration;
			buildSettings = {
				ALWAYS_EMBED_SWIFT_STANDARD_LIBRARIES = YES;
				BUNDLE_LOADER = "$(TEST_HOST)";
				DEVELOPMENT_TEAM = C5SA265327;
				INFOPLIST_FILE = GitXcodeTests/Info.plist;
				LD_RUNPATH_SEARCH_PATHS = "$(inherited) @executable_path/Frameworks @loader_path/Frameworks";
				PRODUCT_BUNDLE_IDENTIFIER = N.GitXcodeTests;
				PRODUCT_NAME = "$(TARGET_NAME)";
				SWIFT_VERSION = 3.0;
				TEST_HOST = "$(BUILT_PRODUCTS_DIR)/GitXcode.app/GitXcode";
			};
			name = Debug;
		};
		185D59DC1DE7DB17002D285C /* Release */ = {
			isa = XCBuildConfiguration;
			buildSettings = {
				ALWAYS_EMBED_SWIFT_STANDARD_LIBRARIES = YES;
				BUNDLE_LOADER = "$(TEST_HOST)";
				DEVELOPMENT_TEAM = C5SA265327;
				INFOPLIST_FILE = GitXcodeTests/Info.plist;
				LD_RUNPATH_SEARCH_PATHS = "$(inherited) @executable_path/Frameworks @loader_path/Frameworks";
				PRODUCT_BUNDLE_IDENTIFIER = N.GitXcodeTests;
				PRODUCT_NAME = "$(TARGET_NAME)";
				SWIFT_VERSION = 3.0;
				TEST_HOST = "$(BUILT_PRODUCTS_DIR)/GitXcode.app/GitXcode";
			};
			name = Release;
		};
		185D59DE1DE7DB17002D285C /* Debug */ = {
			isa = XCBuildConfiguration;
			buildSettings = {
				ALWAYS_EMBED_SWIFT_STANDARD_LIBRARIES = YES;
				DEVELOPMENT_TEAM = C5SA265327;
				INFOPLIST_FILE = GitXcodeUITests/Info.plist;
				LD_RUNPATH_SEARCH_PATHS = "$(inherited) @executable_path/Frameworks @loader_path/Frameworks";
				PRODUCT_BUNDLE_IDENTIFIER = N.GitXcodeUITests;
				PRODUCT_NAME = "$(TARGET_NAME)";
				SWIFT_VERSION = 3.0;
				TEST_TARGET_NAME = GitXcode;
			};
			name = Debug;
		};
		185D59DF1DE7DB17002D285C /* Release */ = {
			isa = XCBuildConfiguration;
			buildSettings = {
				ALWAYS_EMBED_SWIFT_STANDARD_LIBRARIES = YES;
				DEVELOPMENT_TEAM = C5SA265327;
				INFOPLIST_FILE = GitXcodeUITests/Info.plist;
				LD_RUNPATH_SEARCH_PATHS = "$(inherited) @executable_path/Frameworks @loader_path/Frameworks";
				PRODUCT_BUNDLE_IDENTIFIER = N.GitXcodeUITests;
				PRODUCT_NAME = "$(TARGET_NAME)";
				SWIFT_VERSION = 3.0;
				TEST_TARGET_NAME = GitXcode;
			};
			name = Release;
		};
/* End XCBuildConfiguration section */

/* Begin XCConfigurationList section */
		185D59A71DE7DB16002D285C /* Build configuration list for PBXProject "GitXcode" */ = {
			isa = XCConfigurationList;
			buildConfigurations = (
				185D59D51DE7DB17002D285C /* Debug */,
				185D59D61DE7DB17002D285C /* Release */,
			);
			defaultConfigurationIsVisible = 0;
			defaultConfigurationName = Release;
		};
		185D59D71DE7DB17002D285C /* Build configuration list for PBXNativeTarget "GitXcode" */ = {
			isa = XCConfigurationList;
			buildConfigurations = (
				185D59D81DE7DB17002D285C /* Debug */,
				185D59D91DE7DB17002D285C /* Release */,
			);
			defaultConfigurationIsVisible = 0;
		};
		185D59DA1DE7DB17002D285C /* Build configuration list for PBXNativeTarget "GitXcodeTests" */ = {
			isa = XCConfigurationList;
			buildConfigurations = (
				185D59DB1DE7DB17002D285C /* Debug */,
				185D59DC1DE7DB17002D285C /* Release */,
			);
			defaultConfigurationIsVisible = 0;
		};
		185D59DD1DE7DB17002D285C /* Build configuration list for PBXNativeTarget "GitXcodeUITests" */ = {
			isa = XCConfigurationList;
			buildConfigurations = (
				185D59DE1DE7DB17002D285C /* Debug */,
				185D59DF1DE7DB17002D285C /* Release */,
			);
			defaultConfigurationIsVisible = 0;
		};
/* End XCConfigurationList section */

/* Begin XCVersionGroup section */
		185D59B61DE7DB16002D285C /* GitXcode.xcdatamodeld */ = {
			isa = XCVersionGroup;
			children = (
				185D59B71DE7DB16002D285C /* GitXcode.xcdatamodel */,
			);
			currentVersion = 185D59B71DE7DB16002D285C /* GitXcode.xcdatamodel */;
			path = GitXcode.xcdatamodeld;
			sourceTree = "<group>";
			versionGroupType = wrapper.xcdatamodel;
		};
/* End XCVersionGroup section */
	};
	rootObject = 185D59A41DE7DB16002D285C /* Project object */;
}
